{
  "name": "owy",
  "version": "0.2.4",
  "lockfileVersion": 1,
  "requires": true,
  "dependencies": {
    "@luvella/eslint-config": {
      "version": "1.0.2",
      "resolved": "https://registry.npmjs.org/@luvella/eslint-config/-/eslint-config-1.0.2.tgz",
      "integrity": "sha512-VZ1AWAEHYBkev/jTVo4r1vSpv1O9gNALj5WzzNXiRiy+yMny2wI4vtvZfksYq71QpRCCLbvv9N3lNjNM8RBsqw==",
      "dev": true
    },
    "ansikit": {
      "version": "1.1.4",
      "resolved": "https://registry.npmjs.org/ansikit/-/ansikit-1.1.4.tgz",
      "integrity": "sha512-jrbr47N5irbSSSwDQRP8F5YpcChSXBOCocx/CvKHtXGRfVUZtV0z7mpdnPiLTs6iaYCFzYeod7LI+owfdQWaJg=="
    }
  }
}
